
Microsoft Visual Studio Solution File, Format Version 12.00
# Visual Studio Version 18
VisualStudioVersion = 18.0.11222.15 d18.0
MinimumVisualStudioVersion = 10.0.40219.1
Project("{13B669BE-BB05-4DDF-9536-439F39A36129}") = "Cementerio.Chacarita", "Cementerio.Chacarita.phpproj", "{BA95F078-E4A9-FDAE-05EC-9EB794C4F8D9}"
EndProject
Global
	GlobalSection(SolutionConfigurationPlatforms) = preSolution
		Debug|Any CPU = Debug|Any CPU
		Release|Any CPU = Release|Any CPU
	EndGlobalSection
	GlobalSection(ProjectConfigurationPlatforms) = postSolution
		{BA95F078-E4A9-FDAE-05EC-9EB794C4F8D9}.Debug|Any CPU.ActiveCfg = Debug|Any CPU
		{BA95F078-E4A9-FDAE-05EC-9EB794C4F8D9}.Debug|Any CPU.Build.0 = Debug|Any CPU
		{BA95F078-E4A9-FDAE-05EC-9EB794C4F8D9}.Release|Any CPU.ActiveCfg = Release|Any CPU
		{BA95F078-E4A9-FDAE-05EC-9EB794C4F8D9}.Release|Any CPU.Build.0 = Release|Any CPU
	EndGlobalSection
	GlobalSection(SolutionProperties) = preSolution
		HideSolutionNode = FALSE
	EndGlobalSection
	GlobalSection(ExtensibilityGlobals) = postSolution
		SolutionGuid = {67B25C1A-C0E2-4305-95AE-74F5A12695B7}
	EndGlobalSection
EndGlobal
